# This file is autogenerated, do not edit; changes may be undone by the next 'dep ensure'.


[[projects]]
  name = "github.com/go-redis/redis"
  packages = [".","internal","internal/consistenthash","internal/hashtag","internal/pool","internal/proto"]
  revision = "d0f86971b5d61de9cebd2616b932acb7ba14d957"
  version = "v6.7.3"

[[projects]]
  name = "github.com/gorilla/context"
  packages = ["."]
  revision = "1ea25387ff6f684839d82767c1733ff4d4d15d0a"
  version = "v1.1"

[[projects]]
  name = "github.com/gorilla/mux"
  packages = ["."]
  revision = "7f08801859139f86dfafd1c296e2cba9a80d292e"
  version = "v1.6.0"

[[projects]]
  name = "github.com/speps/go-hashids"
  packages = ["."]
  revision = "d1d57a886aa7e3ef6092b70ceab077e35ee8e0ce"
  version = "v1.0.0"

[solve-meta]
  analyzer-name = "dep"
  analyzer-version = 1
  inputs-digest = "062658a8928081445bab62d66addd17db262bed1d53d6ff3bea5d8ccb1625624"
  solver-name = "gps-cdcl"
  solver-version = 1
